
Microsoft Visual Studio Solution File, Format Version 12.00
# Visual Studio Version 17
VisualStudioVersion = 17.6.33723.286
MinimumVisualStudioVersion = 10.0.40219.1
Project("{FAE04EC0-301F-11D3-BF4B-00C04F79EFBC}") = "Odd_even_number", "Odd_even_number\Odd_even_number.csproj", "{C0146200-D01B-43F0-91FE-8780255622DB}"
EndProject
Global
	GlobalSection(SolutionConfigurationPlatforms) = preSolution
		Debug|Any CPU = Debug|Any CPU
		Release|Any CPU = Release|Any CPU
	EndGlobalSection
	GlobalSection(ProjectConfigurationPlatforms) = postSolution
		{C0146200-D01B-43F0-91FE-8780255622DB}.Debug|Any CPU.ActiveCfg = Debug|Any CPU
		{C0146200-D01B-43F0-91FE-8780255622DB}.Debug|Any CPU.Build.0 = Debug|Any CPU
		{C0146200-D01B-43F0-91FE-8780255622DB}.Release|Any CPU.ActiveCfg = Release|Any CPU
		{C0146200-D01B-43F0-91FE-8780255622DB}.Release|Any CPU.Build.0 = Release|Any CPU
	EndGlobalSection
	GlobalSection(SolutionProperties) = preSolution
		HideSolutionNode = FALSE
	EndGlobalSection
	GlobalSection(ExtensibilityGlobals) = postSolution
		SolutionGuid = {4CF4E112-714E-4303-8319-3863AC318740}
	EndGlobalSection
EndGlobal
